
Microsoft Visual Studio Solution File, Format Version 12.00
# Visual Studio 14
VisualStudioVersion = 14.0.25420.1
MinimumVisualStudioVersion = 10.0.40219.1
Project("{2150E333-8FDC-42A3-9474-1A3956D46DE8}") = "Site", "Site", "{DC1CC60C-77E4-48B6-826B-8505F78E9B10}"
EndProject
Project("{2150E333-8FDC-42A3-9474-1A3956D46DE8}") = "Rest", "Rest", "{437060FD-BDF1-4A73-B10C-96970425BAD1}"
EndProject
Project("{FAE04EC0-301F-11D3-BF4B-00C04F79EFBC}") = "CSW.BookLibrary.Rest", "src\CSW.BookLibrary.Rest\CSW.BookLibrary.Rest.csproj", "{9F80C0A7-A122-4EE7-AD95-364284B1E09B}"
EndProject
Project("{FAE04EC0-301F-11D3-BF4B-00C04F79EFBC}") = "CSW.BookLibrary.Site", "src\CSW.BookLibrary.Site\CSW.BookLibrary.Site.csproj", "{BC797A54-9C3C-4477-8202-D04C903FFDFB}"
EndProject
Project("{FAE04EC0-301F-11D3-BF4B-00C04F79EFBC}") = "CSW.BookLibrary.Rest.Model", "src\CSW.BookLibrary.Rest.Model\CSW.BookLibrary.Rest.Model.csproj", "{B593BE38-5CA3-4BEC-A256-4A15E7097051}"
EndProject
Project("{2150E333-8FDC-42A3-9474-1A3956D46DE8}") = "TaskLayer", "TaskLayer", "{8C8567F7-ADF6-4E21-BDCE-E1A9A580404A}"
EndProject
Project("{FAE04EC0-301F-11D3-BF4B-00C04F79EFBC}") = "CSW.BookLibrary.TaskLayer", "src\CSW.BookLibrary.TaskLayer\CSW.BookLibrary.TaskLayer.csproj", "{F7C4BA70-DD1A-45BA-8113-4109DBAA0851}"
EndProject
Project("{FAE04EC0-301F-11D3-BF4B-00C04F79EFBC}") = "CSW.BookLibrary.TaskLayer.Model", "src\CSW.BookLibrary.TaskLayer.Model\CSW.BookLibrary.TaskLayer.Model.csproj", "{7C8C994B-DDC4-4F33-8F4B-A4F4F9E93F0C}"
EndProject
Project("{2150E333-8FDC-42A3-9474-1A3956D46DE8}") = "QueryLayer", "QueryLayer", "{31FCD0E3-4C9B-4B75-8081-17D3CCFF8E51}"
EndProject
Project("{FAE04EC0-301F-11D3-BF4B-00C04F79EFBC}") = "CSW.BookLibrary.QueryLayer", "src\CSW.BookLibrary.QueryLayer\CSW.BookLibrary.QueryLayer.csproj", "{40285EDF-E36F-4A6E-B8F9-5A5CD0AD1978}"
EndProject
Project("{FAE04EC0-301F-11D3-BF4B-00C04F79EFBC}") = "CSW.BookLibrary.QueryLayer.Model", "src\CSW.BookLibrary.QueryLayer.Model\CSW.BookLibrary.QueryLayer.Model.csproj", "{F95D4611-F0F3-4D67-AD76-06C226F43824}"
EndProject
Project("{2150E333-8FDC-42A3-9474-1A3956D46DE8}") = "EntityLayer", "EntityLayer", "{5F055841-70E7-4B91-AC7F-8414E70A260B}"
EndProject
Project("{FAE04EC0-301F-11D3-BF4B-00C04F79EFBC}") = "CSW.BookLibrary.EntityLayer", "src\CSW.BookLibrary.EntityLayer\CSW.BookLibrary.EntityLayer.csproj", "{13F09D15-1BE0-4A68-B0C5-0E778FD29F52}"
EndProject
Project("{FAE04EC0-301F-11D3-BF4B-00C04F79EFBC}") = "CSW.BookLibrary.EntityLayer.Service", "src\CSW.BookLibrary.EntityLayer.Service\CSW.BookLibrary.EntityLayer.Service.csproj", "{27AA9720-1B87-44AD-B6A7-BE7E412E18BE}"
EndProject
Project("{2150E333-8FDC-42A3-9474-1A3956D46DE8}") = "Core", "Core", "{CEC9F33E-3D20-47A5-ABE8-3228F95BC6CE}"
EndProject
Project("{FAE04EC0-301F-11D3-BF4B-00C04F79EFBC}") = "CSW.BookLibrary.Infrastructure.Rest", "src\CSW.BookLibrary.Infrastructure.Rest\CSW.BookLibrary.Infrastructure.Rest.csproj", "{D8EEB4ED-D160-40DD-83B4-AD68F2DF30E8}"
EndProject
Project("{FAE04EC0-301F-11D3-BF4B-00C04F79EFBC}") = "CSW.BookLibrary.Infrastructure", "src\CSW.BookLibrary.Infrastructure\CSW.BookLibrary.Infrastructure.csproj", "{4291D584-2AE6-436D-8129-CE471F07B2D0}"
EndProject
Global
	GlobalSection(SolutionConfigurationPlatforms) = preSolution
		Debug|Any CPU = Debug|Any CPU
		Release|Any CPU = Release|Any CPU
	EndGlobalSection
	GlobalSection(ProjectConfigurationPlatforms) = postSolution
		{9F80C0A7-A122-4EE7-AD95-364284B1E09B}.Debug|Any CPU.ActiveCfg = Debug|Any CPU
		{9F80C0A7-A122-4EE7-AD95-364284B1E09B}.Debug|Any CPU.Build.0 = Debug|Any CPU
		{9F80C0A7-A122-4EE7-AD95-364284B1E09B}.Release|Any CPU.ActiveCfg = Release|Any CPU
		{9F80C0A7-A122-4EE7-AD95-364284B1E09B}.Release|Any CPU.Build.0 = Release|Any CPU
		{BC797A54-9C3C-4477-8202-D04C903FFDFB}.Debug|Any CPU.ActiveCfg = Debug|Any CPU
		{BC797A54-9C3C-4477-8202-D04C903FFDFB}.Debug|Any CPU.Build.0 = Debug|Any CPU
		{BC797A54-9C3C-4477-8202-D04C903FFDFB}.Release|Any CPU.ActiveCfg = Release|Any CPU
		{BC797A54-9C3C-4477-8202-D04C903FFDFB}.Release|Any CPU.Build.0 = Release|Any CPU
		{B593BE38-5CA3-4BEC-A256-4A15E7097051}.Debug|Any CPU.ActiveCfg = Debug|Any CPU
		{B593BE38-5CA3-4BEC-A256-4A15E7097051}.Debug|Any CPU.Build.0 = Debug|Any CPU
		{B593BE38-5CA3-4BEC-A256-4A15E7097051}.Release|Any CPU.ActiveCfg = Release|Any CPU
		{B593BE38-5CA3-4BEC-A256-4A15E7097051}.Release|Any CPU.Build.0 = Release|Any CPU
		{F7C4BA70-DD1A-45BA-8113-4109DBAA0851}.Debug|Any CPU.ActiveCfg = Debug|Any CPU
		{F7C4BA70-DD1A-45BA-8113-4109DBAA0851}.Debug|Any CPU.Build.0 = Debug|Any CPU
		{F7C4BA70-DD1A-45BA-8113-4109DBAA0851}.Release|Any CPU.ActiveCfg = Release|Any CPU
		{F7C4BA70-DD1A-45BA-8113-4109DBAA0851}.Release|Any CPU.Build.0 = Release|Any CPU
		{7C8C994B-DDC4-4F33-8F4B-A4F4F9E93F0C}.Debug|Any CPU.ActiveCfg = Debug|Any CPU
		{7C8C994B-DDC4-4F33-8F4B-A4F4F9E93F0C}.Debug|Any CPU.Build.0 = Debug|Any CPU
		{7C8C994B-DDC4-4F33-8F4B-A4F4F9E93F0C}.Release|Any CPU.ActiveCfg = Release|Any CPU
		{7C8C994B-DDC4-4F33-8F4B-A4F4F9E93F0C}.Release|Any CPU.Build.0 = Release|Any CPU
		{40285EDF-E36F-4A6E-B8F9-5A5CD0AD1978}.Debug|Any CPU.ActiveCfg = Debug|Any CPU
		{40285EDF-E36F-4A6E-B8F9-5A5CD0AD1978}.Debug|Any CPU.Build.0 = Debug|Any CPU
		{40285EDF-E36F-4A6E-B8F9-5A5CD0AD1978}.Release|Any CPU.ActiveCfg = Release|Any CPU
		{40285EDF-E36F-4A6E-B8F9-5A5CD0AD1978}.Release|Any CPU.Build.0 = Release|Any CPU
		{F95D4611-F0F3-4D67-AD76-06C226F43824}.Debug|Any CPU.ActiveCfg = Debug|Any CPU
		{F95D4611-F0F3-4D67-AD76-06C226F43824}.Debug|Any CPU.Build.0 = Debug|Any CPU
		{F95D4611-F0F3-4D67-AD76-06C226F43824}.Release|Any CPU.ActiveCfg = Release|Any CPU
		{F95D4611-F0F3-4D67-AD76-06C226F43824}.Release|Any CPU.Build.0 = Release|Any CPU
		{13F09D15-1BE0-4A68-B0C5-0E778FD29F52}.Debug|Any CPU.ActiveCfg = Debug|Any CPU
		{13F09D15-1BE0-4A68-B0C5-0E778FD29F52}.Debug|Any CPU.Build.0 = Debug|Any CPU
		{13F09D15-1BE0-4A68-B0C5-0E778FD29F52}.Release|Any CPU.ActiveCfg = Release|Any CPU
		{13F09D15-1BE0-4A68-B0C5-0E778FD29F52}.Release|Any CPU.Build.0 = Release|Any CPU
		{27AA9720-1B87-44AD-B6A7-BE7E412E18BE}.Debug|Any CPU.ActiveCfg = Debug|Any CPU
		{27AA9720-1B87-44AD-B6A7-BE7E412E18BE}.Debug|Any CPU.Build.0 = Debug|Any CPU
		{27AA9720-1B87-44AD-B6A7-BE7E412E18BE}.Release|Any CPU.ActiveCfg = Release|Any CPU
		{27AA9720-1B87-44AD-B6A7-BE7E412E18BE}.Release|Any CPU.Build.0 = Release|Any CPU
		{D8EEB4ED-D160-40DD-83B4-AD68F2DF30E8}.Debug|Any CPU.ActiveCfg = Debug|Any CPU
		{D8EEB4ED-D160-40DD-83B4-AD68F2DF30E8}.Debug|Any CPU.Build.0 = Debug|Any CPU
		{D8EEB4ED-D160-40DD-83B4-AD68F2DF30E8}.Release|Any CPU.ActiveCfg = Release|Any CPU
		{D8EEB4ED-D160-40DD-83B4-AD68F2DF30E8}.Release|Any CPU.Build.0 = Release|Any CPU
		{4291D584-2AE6-436D-8129-CE471F07B2D0}.Debug|Any CPU.ActiveCfg = Debug|Any CPU
		{4291D584-2AE6-436D-8129-CE471F07B2D0}.Debug|Any CPU.Build.0 = Debug|Any CPU
		{4291D584-2AE6-436D-8129-CE471F07B2D0}.Release|Any CPU.ActiveCfg = Release|Any CPU
		{4291D584-2AE6-436D-8129-CE471F07B2D0}.Release|Any CPU.Build.0 = Release|Any CPU
	EndGlobalSection
	GlobalSection(SolutionProperties) = preSolution
		HideSolutionNode = FALSE
	EndGlobalSection
	GlobalSection(NestedProjects) = preSolution
		{9F80C0A7-A122-4EE7-AD95-364284B1E09B} = {437060FD-BDF1-4A73-B10C-96970425BAD1}
		{BC797A54-9C3C-4477-8202-D04C903FFDFB} = {DC1CC60C-77E4-48B6-826B-8505F78E9B10}
		{B593BE38-5CA3-4BEC-A256-4A15E7097051} = {437060FD-BDF1-4A73-B10C-96970425BAD1}
		{F7C4BA70-DD1A-45BA-8113-4109DBAA0851} = {8C8567F7-ADF6-4E21-BDCE-E1A9A580404A}
		{7C8C994B-DDC4-4F33-8F4B-A4F4F9E93F0C} = {8C8567F7-ADF6-4E21-BDCE-E1A9A580404A}
		{40285EDF-E36F-4A6E-B8F9-5A5CD0AD1978} = {31FCD0E3-4C9B-4B75-8081-17D3CCFF8E51}
		{F95D4611-F0F3-4D67-AD76-06C226F43824} = {31FCD0E3-4C9B-4B75-8081-17D3CCFF8E51}
		{13F09D15-1BE0-4A68-B0C5-0E778FD29F52} = {5F055841-70E7-4B91-AC7F-8414E70A260B}
		{27AA9720-1B87-44AD-B6A7-BE7E412E18BE} = {5F055841-70E7-4B91-AC7F-8414E70A260B}
		{D8EEB4ED-D160-40DD-83B4-AD68F2DF30E8} = {CEC9F33E-3D20-47A5-ABE8-3228F95BC6CE}
		{4291D584-2AE6-436D-8129-CE471F07B2D0} = {CEC9F33E-3D20-47A5-ABE8-3228F95BC6CE}
	EndGlobalSection
EndGlobal
